
Microsoft Visual Studio Solution File, Format Version 12.00
# Visual Studio 2012
Project("{2150E333-8FDC-42A3-9474-1A3956D46DE8}") = "Solution Items", "Solution Items", "{B71F1E20-F633-4836-B1F5-50A693272008}"
	ProjectSection(SolutionItems) = preProject
		Local.testsettings = Local.testsettings
		MyRCP.vsmdi = MyRCP.vsmdi
		TraceAndTestImpact.testsettings = TraceAndTestImpact.testsettings
	EndProjectSection
EndProject
Project("{FAE04EC0-301F-11D3-BF4B-00C04F79EFBC}") = "MyRCP", "MyRCP\MyRCP.csproj", "{03E7434E-15A4-4988-817D-A69F573CC5E9}"
EndProject
Project("{2150E333-8FDC-42A3-9474-1A3956D46DE8}") = ".nuget", ".nuget", "{1D4B7A6B-4378-4A40-AB6F-FDA6F7357A28}"
	ProjectSection(SolutionItems) = preProject
		.nuget\NuGet.Config = .nuget\NuGet.Config
		.nuget\NuGet.exe = .nuget\NuGet.exe
		.nuget\NuGet.targets = .nuget\NuGet.targets
	EndProjectSection
EndProject
Global
	GlobalSection(TeamFoundationVersionControl) = preSolution
		SccNumberOfProjects = 2
		SccEnterpriseProvider = {4CA58AB2-18FA-4F8D-95D4-32DDF27D184C}
		SccTeamFoundationServer = http://rcp-dev-tfs02.development.rcp-net.com:8080/tfs/developmentcollection
		SccLocalPath0 = .
		SccProjectUniqueName1 = MyRCP\\MyRCP.csproj
		SccProjectName1 = MyRCP
		SccLocalPath1 = MyRCP
	EndGlobalSection
	GlobalSection(TestCaseManagementSettings) = postSolution
		CategoryFile = MyRCP.vsmdi
	EndGlobalSection
	GlobalSection(SolutionConfigurationPlatforms) = preSolution
		Debug|Any CPU = Debug|Any CPU
		Release|Any CPU = Release|Any CPU
	EndGlobalSection
	GlobalSection(ProjectConfigurationPlatforms) = postSolution
		{03E7434E-15A4-4988-817D-A69F573CC5E9}.Debug|Any CPU.ActiveCfg = Debug|Any CPU
		{03E7434E-15A4-4988-817D-A69F573CC5E9}.Debug|Any CPU.Build.0 = Debug|Any CPU
		{03E7434E-15A4-4988-817D-A69F573CC5E9}.Release|Any CPU.ActiveCfg = Release|Any CPU
		{03E7434E-15A4-4988-817D-A69F573CC5E9}.Release|Any CPU.Build.0 = Release|Any CPU
	EndGlobalSection
	GlobalSection(SolutionProperties) = preSolution
		HideSolutionNode = FALSE
	EndGlobalSection
EndGlobal
